
Microsoft Visual Studio Solution File, Format Version 12.00
# Visual Studio 15
VisualStudioVersion = 15.0.27428.2043
MinimumVisualStudioVersion = 10.0.40219.1
Project("{FAE04EC0-301F-11D3-BF4B-00C04F79EFBC}") = "E2ETests", "E2ETests\E2ETests.csproj", "{52E17B75-E7D0-4A70-B6E2-29E49E116BF2}"
EndProject
Global
	GlobalSection(SolutionConfigurationPlatforms) = preSolution
		Debug|Any CPU = Debug|Any CPU
		Release|Any CPU = Release|Any CPU
	EndGlobalSection
	GlobalSection(ProjectConfigurationPlatforms) = postSolution
		{52E17B75-E7D0-4A70-B6E2-29E49E116BF2}.Debug|Any CPU.ActiveCfg = Debug|Any CPU
		{52E17B75-E7D0-4A70-B6E2-29E49E116BF2}.Debug|Any CPU.Build.0 = Debug|Any CPU
		{52E17B75-E7D0-4A70-B6E2-29E49E116BF2}.Release|Any CPU.ActiveCfg = Release|Any CPU
		{52E17B75-E7D0-4A70-B6E2-29E49E116BF2}.Release|Any CPU.Build.0 = Release|Any CPU
	EndGlobalSection
	GlobalSection(SolutionProperties) = preSolution
		HideSolutionNode = FALSE
	EndGlobalSection
	GlobalSection(ExtensibilityGlobals) = postSolution
		SolutionGuid = {C358670F-2116-4D06-9D98-F51EB0AD7586}
	EndGlobalSection
EndGlobal
